
Microsoft Visual Studio Solution File, Format Version 12.00
# Visual Studio Version 17
VisualStudioVersion = 17.10.35122.118
MinimumVisualStudioVersion = 10.0.40219.1
Project("{8BC9CEB8-8B4A-11D0-8D11-00A0C91BC942}") = "Red Cardinal Bistro", "Red Cardinal Bistro\Red Cardinal Bistro.vcxproj", "{2CDB9774-7F26-4B25-80F4-84919C686DCB}"
EndProject
Global
	GlobalSection(SolutionConfigurationPlatforms) = preSolution
		Debug|x64 = Debug|x64
		Debug|x86 = Debug|x86
		Release|x64 = Release|x64
		Release|x86 = Release|x86
	EndGlobalSection
	GlobalSection(ProjectConfigurationPlatforms) = postSolution
		{2CDB9774-7F26-4B25-80F4-84919C686DCB}.Debug|x64.ActiveCfg = Debug|x64
		{2CDB9774-7F26-4B25-80F4-84919C686DCB}.Debug|x64.Build.0 = Debug|x64
		{2CDB9774-7F26-4B25-80F4-84919C686DCB}.Debug|x86.ActiveCfg = Debug|Win32
		{2CDB9774-7F26-4B25-80F4-84919C686DCB}.Debug|x86.Build.0 = Debug|Win32
		{2CDB9774-7F26-4B25-80F4-84919C686DCB}.Release|x64.ActiveCfg = Release|x64
		{2CDB9774-7F26-4B25-80F4-84919C686DCB}.Release|x64.Build.0 = Release|x64
		{2CDB9774-7F26-4B25-80F4-84919C686DCB}.Release|x86.ActiveCfg = Release|Win32
		{2CDB9774-7F26-4B25-80F4-84919C686DCB}.Release|x86.Build.0 = Release|Win32
	EndGlobalSection
	GlobalSection(SolutionProperties) = preSolution
		HideSolutionNode = FALSE
	EndGlobalSection
	GlobalSection(ExtensibilityGlobals) = postSolution
		SolutionGuid = {3A5E41AB-CF17-46B6-800B-2A3D4651FC50}
	EndGlobalSection
EndGlobal
